
Microsoft Visual Studio Solution File, Format Version 12.00
# Visual Studio Version 16
VisualStudioVersion = 16.0.31515.178
MinimumVisualStudioVersion = 10.0.40219.1
Project("{FAE04EC0-301F-11D3-BF4B-00C04F79EFBC}") = "TryOperationStudy", "TryOperationStudy\TryOperationStudy.csproj", "{831258C2-7F54-47DB-835B-F621F08BEC17}"
EndProject
Global
	GlobalSection(SolutionConfigurationPlatforms) = preSolution
		Debug|Any CPU = Debug|Any CPU
		Release|Any CPU = Release|Any CPU
	EndGlobalSection
	GlobalSection(ProjectConfigurationPlatforms) = postSolution
		{831258C2-7F54-47DB-835B-F621F08BEC17}.Debug|Any CPU.ActiveCfg = Debug|Any CPU
		{831258C2-7F54-47DB-835B-F621F08BEC17}.Debug|Any CPU.Build.0 = Debug|Any CPU
		{831258C2-7F54-47DB-835B-F621F08BEC17}.Release|Any CPU.ActiveCfg = Release|Any CPU
		{831258C2-7F54-47DB-835B-F621F08BEC17}.Release|Any CPU.Build.0 = Release|Any CPU
	EndGlobalSection
	GlobalSection(SolutionProperties) = preSolution
		HideSolutionNode = FALSE
	EndGlobalSection
	GlobalSection(ExtensibilityGlobals) = postSolution
		SolutionGuid = {B13AB0D5-3E5A-42BA-8E73-18360F34F4F4}
	EndGlobalSection
EndGlobal
